<?xml version="1.0" encoding="utf-8"?>
<Project ToolsVersion="4.0" xmlns="http://schemas.microsoft.com/developer/msbuild/2003">
  <ItemGroup>
    <Filter Include="Source Files">
      <UniqueIdentifier>{4FC737F1-C7A5-4376-A066-2A32D752A2FF}</UniqueIdentifier>
      <Extensions>qml;cpp;c;cc;cxx;def;odl;idl;hpj;bat;asm;asmx</Extensions>
    </Filter>
    <Filter Include="Header Files">
      <UniqueIdentifier>{93995380-89BD-4b04-88EB-625FBE52EBFB}</UniqueIdentifier>
      <Extensions>h;hh;hpp;hxx;hm;inl;inc;xsd</Extensions>
    </Filter>
    <Filter Include="Resource Files">
      <UniqueIdentifier>{67DA6AB6-F800-4c08-8B7A-83BB121AAD01}</UniqueIdentifier>
      <Extensions>qrc;rc;ico;cur;bmp;dlg;rc2;rct;bin;rgs;gif;jpg;jpeg;jpe;resx;tiff;tif;png;wav;mfcribbon-ms</Extensions>
    </Filter>
    <Filter Include="Form Files">
      <UniqueIdentifier>{99349809-55BA-4b9d-BF79-8FDBB0286EB3}</UniqueIdentifier>
      <Extensions>ui</Extensions>
    </Filter>
    <Filter Include="Translation Files">
      <UniqueIdentifier>{639EADAA-A684-42e4-A9AD-28FC9BCB8F7C}</UniqueIdentifier>
      <Extensions>ts</Extensions>
    </Filter>
    <!-- Core层 - 核心基础类型与工具 -->
    <Filter Include="Header Files\Core">
      <UniqueIdentifier>{A1B2C3D4-0001-0001-0001-000000000001}</UniqueIdentifier>
    </Filter>
    <Filter Include="Source Files\Core">
      <UniqueIdentifier>{A1B2C3D4-0001-0001-0001-000000000002}</UniqueIdentifier>
    </Filter>
    <!-- Data层 - 数据模型 -->
    <Filter Include="Header Files\Data">
      <UniqueIdentifier>{A1B2C3D4-0002-0002-0002-000000000001}</UniqueIdentifier>
    </Filter>
    <Filter Include="Source Files\Data">
      <UniqueIdentifier>{A1B2C3D4-0002-0002-0002-000000000002}</UniqueIdentifier>
    </Filter>
    <!-- Services层 - 业务逻辑 -->
    <Filter Include="Header Files\Services">
      <UniqueIdentifier>{A1B2C3D4-0003-0003-0003-000000000001}</UniqueIdentifier>
    </Filter>
    <Filter Include="Source Files\Services">
      <UniqueIdentifier>{A1B2C3D4-0003-0003-0003-000000000002}</UniqueIdentifier>
    </Filter>
    <!-- UI层 - 用户界面组件 -->
    <Filter Include="Header Files\UI">
      <UniqueIdentifier>{A1B2C3D4-0004-0004-0004-000000000001}</UniqueIdentifier>
    </Filter>
    <Filter Include="Source Files\UI">
      <UniqueIdentifier>{A1B2C3D4-0004-0004-0004-000000000002}</UniqueIdentifier>
    </Filter>
    <Filter Include="Header Files\UI\AboutPage">
      <UniqueIdentifier>{A1B2C3D4-0005-0005-0005-000000000001}</UniqueIdentifier>
    </Filter>
    <Filter Include="Source Files\UI\AboutPage">
      <UniqueIdentifier>{A1B2C3D4-0005-0005-0005-000000000002}</UniqueIdentifier>
    </Filter>
    <Filter Include="Header Files\UI\AddRuleWidget">
      <UniqueIdentifier>{A1B2C3D4-0006-0006-0006-000000000001}</UniqueIdentifier>
    </Filter>
    <Filter Include="Source Files\UI\AddRuleWidget">
      <UniqueIdentifier>{A1B2C3D4-0006-0006-0006-000000000002}</UniqueIdentifier>
    </Filter>
    <Filter Include="Header Files\UI\LoadingPage">
      <UniqueIdentifier>{A1B2C3D4-0007-0007-0007-000000000001}</UniqueIdentifier>
    </Filter>
    <Filter Include="Source Files\UI\LoadingPage">
      <UniqueIdentifier>{A1B2C3D4-0007-0007-0007-000000000002}</UniqueIdentifier>
    </Filter>
    <Filter Include="Header Files\UI\MusicSyncTool">
      <UniqueIdentifier>{A1B2C3D4-0008-0008-0008-000000000001}</UniqueIdentifier>
    </Filter>
    <Filter Include="Source Files\UI\MusicSyncTool">
      <UniqueIdentifier>{A1B2C3D4-0008-0008-0008-000000000002}</UniqueIdentifier>
    </Filter>
    <Filter Include="Header Files\UI\OperationResult">
      <UniqueIdentifier>{A1B2C3D4-0009-0009-0009-000000000001}</UniqueIdentifier>
    </Filter>
    <Filter Include="Source Files\UI\OperationResult">
      <UniqueIdentifier>{A1B2C3D4-0009-0009-0009-000000000002}</UniqueIdentifier>
    </Filter>
    <Filter Include="Header Files\UI\Settings">
      <UniqueIdentifier>{A1B2C3D4-000A-000A-000A-000000000001}</UniqueIdentifier>
    </Filter>
    <Filter Include="Source Files\UI\Settings">
      <UniqueIdentifier>{A1B2C3D4-000A-000A-000A-000000000002}</UniqueIdentifier>
    </Filter>
    <Filter Include="Header Files\UI\ShowDupe">
      <UniqueIdentifier>{A1B2C3D4-000B-000B-000B-000000000001}</UniqueIdentifier>
    </Filter>
    <Filter Include="Source Files\UI\ShowDupe">
      <UniqueIdentifier>{A1B2C3D4-000B-000B-000B-000000000002}</UniqueIdentifier>
    </Filter>
    <Filter Include="Form Files\AboutPage">
      <UniqueIdentifier>{A1B2C3D4-000C-000C-000C-000000000001}</UniqueIdentifier>
    </Filter>
    <Filter Include="Form Files\AddRuleWidget">
      <UniqueIdentifier>{A1B2C3D4-000C-000C-000C-000000000002}</UniqueIdentifier>
    </Filter>
    <Filter Include="Form Files\LoadingPage">
      <UniqueIdentifier>{A1B2C3D4-000C-000C-000C-000000000003}</UniqueIdentifier>
    </Filter>
    <Filter Include="Form Files\MusicSyncTool">
      <UniqueIdentifier>{A1B2C3D4-000C-000C-000C-000000000004}</UniqueIdentifier>
    </Filter>
    <Filter Include="Form Files\OperationResult">
      <UniqueIdentifier>{A1B2C3D4-000C-000C-000C-000000000005}</UniqueIdentifier>
    </Filter>
    <Filter Include="Form Files\Settings">
      <UniqueIdentifier>{A1B2C3D4-000C-000C-000C-000000000006}</UniqueIdentifier>
    </Filter>
    <Filter Include="Form Files\ShowDupe">
      <UniqueIdentifier>{A1B2C3D4-000C-000C-000C-000000000007}</UniqueIdentifier>
    </Filter>
  </ItemGroup>
  <!-- ==================== Header Files (QtMoc) ==================== -->
  <ItemGroup>
    <!-- Core -->
    <!-- Data -->
    <QtMoc Include="src\Data\LyricIgnoreRule.h">
      <Filter>Header Files\Data</Filter>
    </QtMoc>
    <!-- Services -->
    <QtMoc Include="src\Services\MSTDataSource.h">
      <Filter>Header Files\Services</Filter>
    </QtMoc>
    <QtMoc Include="src\Services\MSTScanController.h">
      <Filter>Header Files\Services</Filter>
    </QtMoc>
    <QtMoc Include="src\Services\MSTTagScanner.h">
      <Filter>Header Files\Services</Filter>
    </QtMoc>
    <!-- UI -->
    <QtMoc Include="src\UI\AddRuleWidget\AddRuleWidget.h">
      <Filter>Header Files\UI\AddRuleWidget</Filter>
    </QtMoc>
    <QtMoc Include="src\UI\LoadingPage\LoadingPage.h">
      <Filter>Header Files\UI\LoadingPage</Filter>
    </QtMoc>
    <QtMoc Include="src\UI\MusicSyncTool\MSTMainWindow.h">
      <Filter>Header Files\UI\MusicSyncTool</Filter>
    </QtMoc>
    <QtMoc Include="src\UI\MusicSyncTool\MSTTableManager.h">
      <Filter>Header Files\UI\MusicSyncTool</Filter>
    </QtMoc>
    <QtMoc Include="src\UI\MusicSyncTool\MSTMediaController.h">
      <Filter>Header Files\UI\MusicSyncTool</Filter>
    </QtMoc>
    <QtMoc Include="src\UI\MusicSyncTool\MSTErrorReporter.h">
      <Filter>Header Files\UI\MusicSyncTool</Filter>
    </QtMoc>
    <QtMoc Include="src\UI\AboutPage\AboutPage.h">
      <Filter>Header Files\UI\AboutPage</Filter>
    </QtMoc>
    <QtMoc Include="src\UI\OperationResult\OperationResult.h">
      <Filter>Header Files\UI\OperationResult</Filter>
    </QtMoc>
    <QtMoc Include="src\UI\Settings\Settings.h">
      <Filter>Header Files\UI\Settings</Filter>
    </QtMoc>
    <QtMoc Include="src\UI\ShowDupe\ShowDupe.h">
      <Filter>Header Files\UI\ShowDupe</Filter>
    </QtMoc>
  </ItemGroup>
  <!-- ==================== Header Files (ClInclude) ==================== -->
  <ItemGroup>
    <!-- Core -->
    <ClInclude Include="src\Core\MusicProperties.h">
      <Filter>Header Files\Core</Filter>
    </ClInclude>
    <ClInclude Include="src\Core\SettingEntity.h">
      <Filter>Header Files\Core</Filter>
    </ClInclude>
    <ClInclude Include="src\Core\SingleInstance.h">
      <Filter>Header Files\Core</Filter>
    </ClInclude>
    <ClInclude Include="src\Core\StringSimilarity.h">
      <Filter>Header Files\Core</Filter>
    </ClInclude>
    <ClInclude Include="src\Core\MSTTagUtils.h">
      <Filter>Header Files\Core</Filter>
    </ClInclude>
    <!-- Data -->
    <ClInclude Include="src\Data\QueryItem.h">
      <Filter>Header Files\Data</Filter>
    </ClInclude>
    <!-- Services -->
    <ClInclude Include="src\Services\Logger.h">
      <Filter>Header Files\Services</Filter>
    </ClInclude>
    <ClInclude Include="src\Services\MSTFileManager.h">
      <Filter>Header Files\Services</Filter>
    </ClInclude>
    <ClInclude Include="src\Services\MSTMediaPlayer.h">
      <Filter>Header Files\Services</Filter>
    </ClInclude>
    <ClInclude Include="src\Services\MSTSettingsManager.h">
      <Filter>Header Files\Services</Filter>
    </ClInclude>
  </ItemGroup>
  <!-- ==================== Source Files ==================== -->
  <ItemGroup>
    <!-- 入口 -->
    <ClCompile Include="src\main.cpp">
      <Filter>Source Files</Filter>
    </ClCompile>
    <!-- Core -->
    <ClCompile Include="src\Core\StringSimilarity.cpp">
      <Filter>Source Files\Core</Filter>
    </ClCompile>
    <!-- Data -->
    <ClCompile Include="src\Data\LyricIgnoreRule.cpp">
      <Filter>Source Files\Data</Filter>
    </ClCompile>
    <ClCompile Include="src\Data\QueryItem.cpp">
      <Filter>Source Files\Data</Filter>
    </ClCompile>
    <!-- Services -->
    <ClCompile Include="src\Services\Logger.cpp">
      <Filter>Source Files\Services</Filter>
    </ClCompile>
    <ClCompile Include="src\Services\MSTDataSource.cpp">
      <Filter>Source Files\Services</Filter>
    </ClCompile>
    <ClCompile Include="src\Services\MSTFileManager.cpp">
      <Filter>Source Files\Services</Filter>
    </ClCompile>
    <ClCompile Include="src\Services\MSTMediaPlayer.cpp">
      <Filter>Source Files\Services</Filter>
    </ClCompile>
    <ClCompile Include="src\Services\MSTScanController.cpp">
      <Filter>Source Files\Services</Filter>
    </ClCompile>
    <ClCompile Include="src\Services\MSTSettingsManager.cpp">
      <Filter>Source Files\Services</Filter>
    </ClCompile>
    <ClCompile Include="src\Services\MSTTagScanner.cpp">
      <Filter>Source Files\Services</Filter>
    </ClCompile>
    <!-- UI -->
    <ClCompile Include="src\UI\AboutPage\AboutPage.cpp">
      <Filter>Source Files\UI\AboutPage</Filter>
    </ClCompile>
    <ClCompile Include="src\UI\AddRuleWidget\AddRuleWidget.cpp">
      <Filter>Source Files\UI\AddRuleWidget</Filter>
    </ClCompile>
    <ClCompile Include="src\UI\LoadingPage\LoadingPage.cpp">
      <Filter>Source Files\UI\LoadingPage</Filter>
    </ClCompile>
    <ClCompile Include="src\UI\MusicSyncTool\MSTMainWindow.cpp">
      <Filter>Source Files\UI\MusicSyncTool</Filter>
    </ClCompile>
    <ClCompile Include="src\UI\MusicSyncTool\MSTTableManager.cpp">
      <Filter>Source Files\UI\MusicSyncTool</Filter>
    </ClCompile>
    <ClCompile Include="src\UI\MusicSyncTool\MSTMediaController.cpp">
      <Filter>Source Files\UI\MusicSyncTool</Filter>
    </ClCompile>
    <ClCompile Include="src\UI\MusicSyncTool\MSTErrorReporter.cpp">
      <Filter>Source Files\UI\MusicSyncTool</Filter>
    </ClCompile>
    <ClCompile Include="src\UI\OperationResult\OperationResult.cpp">
      <Filter>Source Files\UI\OperationResult</Filter>
    </ClCompile>
    <ClCompile Include="src\UI\Settings\Settings.cpp">
      <Filter>Source Files\UI\Settings</Filter>
    </ClCompile>
    <ClCompile Include="src\UI\ShowDupe\ShowDupe.cpp">
      <Filter>Source Files\UI\ShowDupe</Filter>
    </ClCompile>
  </ItemGroup>
  <!-- ==================== Resource Files ==================== -->
  <ItemGroup>
    <Image Include="resources\MusicSyncTool.ico">
      <Filter>Resource Files</Filter>
    </Image>
  </ItemGroup>
  <ItemGroup>
    <QtRcc Include="resources\MusicSyncTool.qrc">
      <Filter>Resource Files</Filter>
    </QtRcc>
  </ItemGroup>
  <ItemGroup>
    <ResourceCompile Include="resources\MusicSyncTool.rc">
      <Filter>Resource Files</Filter>
    </ResourceCompile>
  </ItemGroup>
  <ItemGroup>
    <Text Include="resources\titles.txt">
      <Filter>Resource Files</Filter>
    </Text>
  </ItemGroup>
  <!-- ==================== Form Files ==================== -->
  <ItemGroup>
    <QtUic Include="src\UI\AboutPage\AboutPage.ui">
      <Filter>Form Files\AboutPage</Filter>
    </QtUic>
    <QtUic Include="src\UI\AddRuleWidget\AddRuleWidget.ui">
      <Filter>Form Files\AddRuleWidget</Filter>
    </QtUic>
    <QtUic Include="src\UI\LoadingPage\LoadingPage.ui">
      <Filter>Form Files\LoadingPage</Filter>
    </QtUic>
    <QtUic Include="src\UI\MusicSyncTool\MSTMainWindow.ui">
      <Filter>Form Files\MusicSyncTool</Filter>
    </QtUic>
    <QtUic Include="src\UI\OperationResult\OperationResult.ui">
      <Filter>Form Files\OperationResult</Filter>
    </QtUic>
    <QtUic Include="src\UI\Settings\Settings.ui">
      <Filter>Form Files\Settings</Filter>
    </QtUic>
    <QtUic Include="src\UI\ShowDupe\ShowDupe.ui">
      <Filter>Form Files\ShowDupe</Filter>
    </QtUic>
  </ItemGroup>
  <!-- ==================== Translation Files ==================== -->
  <ItemGroup>
    <QtTranslation Include="translations\Translation_en_US.ts">
      <Filter>Translation Files</Filter>
    </QtTranslation>
    <QtTranslation Include="translations\Translation_Wenyan.ts">
      <Filter>Translation Files</Filter>
    </QtTranslation>
    <QtTranslation Include="translations\Translation_zh_Hans.ts">
      <Filter>Translation Files</Filter>
    </QtTranslation>
  </ItemGroup>
</Project>
