<?xml version="1.0" encoding="utf-8"?>
<Project ToolsVersion="4.0" xmlns="http://schemas.microsoft.com/developer/msbuild/2003">
  <ItemGroup>
    <Filter Include="Source Files">
      <UniqueIdentifier>{4FC737F1-C7A5-4376-A066-2A32D752A2FF}</UniqueIdentifier>
      <Extensions>qml;cpp;c;cc;cxx;def;odl;idl;hpj;bat;asm;asmx</Extensions>
    </Filter>
    <Filter Include="Header Files">
      <UniqueIdentifier>{93995380-89BD-4b04-88EB-625FBE52EBFB}</UniqueIdentifier>
      <Extensions>h;hh;hpp;hxx;hm;inl;inc;xsd</Extensions>
    </Filter>
    <!-- Test layers -->
    <Filter Include="Test Headers">
      <UniqueIdentifier>{C1D2E3F4-0001-0001-0001-000000000001}</UniqueIdentifier>
    </Filter>
    <Filter Include="Test Sources">
      <UniqueIdentifier>{C1D2E3F4-0001-0001-0001-000000000002}</UniqueIdentifier>
    </Filter>
    <!-- Main project: Core layer -->
    <Filter Include="Header Files\Core">
      <UniqueIdentifier>{C1D2E3F4-0002-0002-0002-000000000001}</UniqueIdentifier>
    </Filter>
    <Filter Include="Source Files\Core">
      <UniqueIdentifier>{C1D2E3F4-0002-0002-0002-000000000002}</UniqueIdentifier>
    </Filter>
    <!-- Main project: Data layer -->
    <Filter Include="Header Files\Data">
      <UniqueIdentifier>{C1D2E3F4-0003-0003-0003-000000000001}</UniqueIdentifier>
    </Filter>
    <Filter Include="Source Files\Data">
      <UniqueIdentifier>{C1D2E3F4-0003-0003-0003-000000000002}</UniqueIdentifier>
    </Filter>
    <!-- Main project: Services layer -->
    <Filter Include="Header Files\Services">
      <UniqueIdentifier>{C1D2E3F4-0004-0004-0004-000000000001}</UniqueIdentifier>
    </Filter>
    <Filter Include="Source Files\Services">
      <UniqueIdentifier>{C1D2E3F4-0004-0004-0004-000000000002}</UniqueIdentifier>
    </Filter>
  </ItemGroup>
  <!-- ==================== Test Headers (QtMoc) ==================== -->
  <ItemGroup>
    <QtMoc Include="TestMusicProperties.h">
      <Filter>Test Headers</Filter>
    </QtMoc>
    <QtMoc Include="TestStringSimilarity.h">
      <Filter>Test Headers</Filter>
    </QtMoc>
    <QtMoc Include="TestQueryItem.h">
      <Filter>Test Headers</Filter>
    </QtMoc>
    <QtMoc Include="TestLyricIgnoreRule.h">
      <Filter>Test Headers</Filter>
    </QtMoc>
    <QtMoc Include="TestMSTFileManager.h">
      <Filter>Test Headers</Filter>
    </QtMoc>
    <QtMoc Include="TestMSTDataSource.h">
      <Filter>Test Headers</Filter>
    </QtMoc>
    <QtMoc Include="TestMSTSettingsManager.h">
      <Filter>Test Headers</Filter>
    </QtMoc>
    <QtMoc Include="TestBlackBox.h">
      <Filter>Test Headers</Filter>
    </QtMoc>
  </ItemGroup>
  <!-- ==================== Main Project Headers (QtMoc) ==================== -->
  <ItemGroup>
    <QtMoc Include="..\src\Data\LyricIgnoreRule.h">
      <Filter>Header Files\Data</Filter>
    </QtMoc>
    <QtMoc Include="..\src\Services\MSTDataSource.h">
      <Filter>Header Files\Services</Filter>
    </QtMoc>
    <QtMoc Include="..\src\Services\MSTScanController.h">
      <Filter>Header Files\Services</Filter>
    </QtMoc>
    <QtMoc Include="..\src\Services\MSTTagScanner.h">
      <Filter>Header Files\Services</Filter>
    </QtMoc>
  </ItemGroup>
  <!-- ==================== Main Project Headers (ClInclude) ==================== -->
  <ItemGroup>
    <!-- Core -->
    <ClInclude Include="..\src\Core\MusicProperties.h">
      <Filter>Header Files\Core</Filter>
    </ClInclude>
    <ClInclude Include="..\src\Core\SettingEntity.h">
      <Filter>Header Files\Core</Filter>
    </ClInclude>
    <ClInclude Include="..\src\Core\SingleInstance.h">
      <Filter>Header Files\Core</Filter>
    </ClInclude>
    <ClInclude Include="..\src\Core\StringSimilarity.h">
      <Filter>Header Files\Core</Filter>
    </ClInclude>
    <ClInclude Include="..\src\Core\MSTTagUtils.h">
      <Filter>Header Files\Core</Filter>
    </ClInclude>
    <!-- Data -->
    <ClInclude Include="..\src\Data\QueryItem.h">
      <Filter>Header Files\Data</Filter>
    </ClInclude>
    <!-- Services -->
    <ClInclude Include="..\src\Services\Logger.h">
      <Filter>Header Files\Services</Filter>
    </ClInclude>
    <ClInclude Include="..\src\Services\MSTFileManager.h">
      <Filter>Header Files\Services</Filter>
    </ClInclude>
    <ClInclude Include="..\src\Services\MSTMediaPlayer.h">
      <Filter>Header Files\Services</Filter>
    </ClInclude>
    <ClInclude Include="..\src\Services\MSTSettingsManager.h">
      <Filter>Header Files\Services</Filter>
    </ClInclude>
  </ItemGroup>
  <!-- ==================== Source Files (ClCompile) ==================== -->
  <ItemGroup>
    <!-- Test runner entry point -->
    <ClCompile Include="main.cpp">
      <Filter>Source Files</Filter>
    </ClCompile>
    <!-- Main project: Core -->
    <ClCompile Include="..\src\Core\StringSimilarity.cpp">
      <Filter>Source Files\Core</Filter>
    </ClCompile>
    <!-- Main project: Data -->
    <ClCompile Include="..\src\Data\QueryItem.cpp">
      <Filter>Source Files\Data</Filter>
    </ClCompile>
    <ClCompile Include="..\src\Data\LyricIgnoreRule.cpp">
      <Filter>Source Files\Data</Filter>
    </ClCompile>
    <!-- Main project: Services -->
    <ClCompile Include="..\src\Services\Logger.cpp">
      <Filter>Source Files\Services</Filter>
    </ClCompile>
    <ClCompile Include="..\src\Services\MSTDataSource.cpp">
      <Filter>Source Files\Services</Filter>
    </ClCompile>
    <ClCompile Include="..\src\Services\MSTFileManager.cpp">
      <Filter>Source Files\Services</Filter>
    </ClCompile>
    <ClCompile Include="..\src\Services\MSTMediaPlayer.cpp">
      <Filter>Source Files\Services</Filter>
    </ClCompile>
    <ClCompile Include="..\src\Services\MSTScanController.cpp">
      <Filter>Source Files\Services</Filter>
    </ClCompile>
    <ClCompile Include="..\src\Services\MSTSettingsManager.cpp">
      <Filter>Source Files\Services</Filter>
    </ClCompile>
    <ClCompile Include="..\src\Services\MSTTagScanner.cpp">
      <Filter>Source Files\Services</Filter>
    </ClCompile>
  </ItemGroup>
  <!-- ==================== Test Implementation Files (None - included by main.cpp) ==================== -->
  <ItemGroup>
    <None Include="TestMusicProperties.cpp">
      <Filter>Test Sources</Filter>
    </None>
    <None Include="TestStringSimilarity.cpp">
      <Filter>Test Sources</Filter>
    </None>
    <None Include="TestQueryItem.cpp">
      <Filter>Test Sources</Filter>
    </None>
    <None Include="TestLyricIgnoreRule.cpp">
      <Filter>Test Sources</Filter>
    </None>
    <None Include="TestMSTFileManager.cpp">
      <Filter>Test Sources</Filter>
    </None>
    <None Include="TestMSTDataSource.cpp">
      <Filter>Test Sources</Filter>
    </None>
    <None Include="TestMSTSettingsManager.cpp">
      <Filter>Test Sources</Filter>
    </None>
    <None Include="TestBlackBox.cpp">
      <Filter>Test Sources</Filter>
    </None>
  </ItemGroup>
</Project>
